
Microsoft Visual Studio Solution File, Format Version 12.00
# Visual Studio Version 16
VisualStudioVersion = 16.0.30907.101
MinimumVisualStudioVersion = 10.0.40219.1
Project("{FAE04EC0-301F-11D3-BF4B-00C04F79EFBC}") = "RobotsVsDinosaurs", "RobotsVsDinosaurs\RobotsVsDinosaurs.csproj", "{C490A5F0-10CA-460D-BEAF-BEE4A99ED0EB}"
EndProject
Global
	GlobalSection(SolutionConfigurationPlatforms) = preSolution
		Debug|Any CPU = Debug|Any CPU
		Release|Any CPU = Release|Any CPU
	EndGlobalSection
	GlobalSection(ProjectConfigurationPlatforms) = postSolution
		{C490A5F0-10CA-460D-BEAF-BEE4A99ED0EB}.Debug|Any CPU.ActiveCfg = Debug|Any CPU
		{C490A5F0-10CA-460D-BEAF-BEE4A99ED0EB}.Debug|Any CPU.Build.0 = Debug|Any CPU
		{C490A5F0-10CA-460D-BEAF-BEE4A99ED0EB}.Release|Any CPU.ActiveCfg = Release|Any CPU
		{C490A5F0-10CA-460D-BEAF-BEE4A99ED0EB}.Release|Any CPU.Build.0 = Release|Any CPU
	EndGlobalSection
	GlobalSection(SolutionProperties) = preSolution
		HideSolutionNode = FALSE
	EndGlobalSection
	GlobalSection(ExtensibilityGlobals) = postSolution
		SolutionGuid = {38C4869D-6DA6-4863-B938-B92CA3CB73A8}
	EndGlobalSection
EndGlobal
